
Microsoft Visual Studio Solution File, Format Version 12.00
# Visual Studio Version 17
VisualStudioVersion = 17.14.36212.18
MinimumVisualStudioVersion = 10.0.40219.1
Project("{FAE04EC0-301F-11D3-BF4B-00C04F79EFBC}") = "HonorFlightScreening", "HonorFlightScreening\HonorFlightScreening.csproj", "{965D969F-DB54-45DE-09FA-55A928673631}"
EndProject
Project("{FAE04EC0-301F-11D3-BF4B-00C04F79EFBC}") = "HonorFlightScreening.Tests", "HonorFlightScreening.Tests\HonorFlightScreening.Tests.csproj", "{2C8F7F4B-08BB-D85E-FD98-C5FE2DF3E14F}"
EndProject
Global
	GlobalSection(SolutionConfigurationPlatforms) = preSolution
		Debug|Any CPU = Debug|Any CPU
		Release|Any CPU = Release|Any CPU
	EndGlobalSection
	GlobalSection(ProjectConfigurationPlatforms) = postSolution
		{965D969F-DB54-45DE-09FA-55A928673631}.Debug|Any CPU.ActiveCfg = Debug|Any CPU
		{965D969F-DB54-45DE-09FA-55A928673631}.Debug|Any CPU.Build.0 = Debug|Any CPU
		{965D969F-DB54-45DE-09FA-55A928673631}.Release|Any CPU.ActiveCfg = Release|Any CPU
		{965D969F-DB54-45DE-09FA-55A928673631}.Release|Any CPU.Build.0 = Release|Any CPU
		{2C8F7F4B-08BB-D85E-FD98-C5FE2DF3E14F}.Debug|Any CPU.ActiveCfg = Debug|Any CPU
		{2C8F7F4B-08BB-D85E-FD98-C5FE2DF3E14F}.Debug|Any CPU.Build.0 = Debug|Any CPU
		{2C8F7F4B-08BB-D85E-FD98-C5FE2DF3E14F}.Release|Any CPU.ActiveCfg = Release|Any CPU
		{2C8F7F4B-08BB-D85E-FD98-C5FE2DF3E14F}.Release|Any CPU.Build.0 = Release|Any CPU
	EndGlobalSection
	GlobalSection(SolutionProperties) = preSolution
		HideSolutionNode = FALSE
	EndGlobalSection
	GlobalSection(ExtensibilityGlobals) = postSolution
		SolutionGuid = {4C544294-2132-4794-944A-136435C9E62C}
	EndGlobalSection
EndGlobal
